PODS:
  - Alamofire (4.9.0)
  - OrzFMod (0.0.3)
  - RxSwift (5.0.0)
  - SwiftyJSON (5.0.0)

DEPENDENCIES:
  - Alamofire
  - OrzFMod
  - RxSwift
  - SwiftyJSON

SPEC REPOS:
  https://github.com/CocoaPods/Specs.git:
    - Alamofire
    - RxSwift
    - SwiftyJSON
  https://github.com/OrzGeeker/Specs.git:
    - OrzFMod

SPEC CHECKSUMS:
  Alamofire: afc3e7c6db61476cb45cdd23fed06bad03bbc321
  OrzFMod: 5646a4564619b9b6a159b443c31380e6a1d1d210
  RxSwift: 8b0671caa829a763bbce7271095859121cbd895f
  SwiftyJSON: 36413e04c44ee145039d332b4f4e2d3e8d6c4db7

PODFILE CHECKSUM: 9bd8fde51ba75529aa4a41b87442b16eb2dd05b9

COCOAPODS: 1.8.0.beta.1
