// !$*UTF8*$!
{
	archiveVersion = 1;
	classes = {
	};
	objectVersion = 55;
	objects = {

/* Begin PBXBuildFile section */
		2B84ED0C29FA2A2E00D291EB /* MusicInfoNode.swift in Sources */ = {isa = PBXBuildFile; fileRef = 2B84ED0B29FA2A2E00D291EB /* MusicInfoNode.swift */; };
		2BFF26BC29FA66B000FC9A7D /* MusicStore+Bundle.swift in Sources */ = {isa = PBXBuildFile; fileRef = 2BFF26BB29FA66B000FC9A7D /* MusicStore+Bundle.swift */; };
		2BFF26C429FA68CF00FC9A7D /* URL+FileSystem.swift in Sources */ = {isa = PBXBuildFile; fileRef = 2BFF26C329FA68CF00FC9A7D /* URL+FileSystem.swift */; };
		2BFF26C629FA68D800FC9A7D /* String+FileSystem.swift in Sources */ = {isa = PBXBuildFile; fileRef = 2BFF26C529FA68D800FC9A7D /* String+FileSystem.swift */; };
		2BFF26C829FA68F200FC9A7D /* Bundle+AppInfo.swift in Sources */ = {isa = PBXBuildFile; fileRef = 2BFF26C729FA68F200FC9A7D /* Bundle+AppInfo.swift */; };
		2BFF26CC29FA6C2700FC9A7D /* MusicItemDetail.swift in Sources */ = {isa = PBXBuildFile; fileRef = 2BFF26CB29FA6C2700FC9A7D /* MusicItemDetail.swift */; };
		F312F2D726A3363800F51DBE /* OrzPlayerApp.swift in Sources */ = {isa = PBXBuildFile; fileRef = F312F2D626A3363800F51DBE /* OrzPlayerApp.swift */; };
		F312F2DB26A3363900F51DBE /* Assets.xcassets in Resources */ = {isa = PBXBuildFile; fileRef = F312F2DA26A3363900F51DBE /* Assets.xcassets */; };
		F312F2DE26A3363900F51DBE /* Preview Assets.xcassets in Resources */ = {isa = PBXBuildFile; fileRef = F312F2DD26A3363900F51DBE /* Preview Assets.xcassets */; };
		F312F2E726A3383900F51DBE /* MusicList.swift in Sources */ = {isa = PBXBuildFile; fileRef = F312F2E626A3383900F51DBE /* MusicList.swift */; };
		F312F2E926A33A6900F51DBE /* MusicItem.swift in Sources */ = {isa = PBXBuildFile; fileRef = F312F2E826A33A6900F51DBE /* MusicItem.swift */; };
		F312F2EB26A33B7400F51DBE /* MusicStore.swift in Sources */ = {isa = PBXBuildFile; fileRef = F312F2EA26A33B7400F51DBE /* MusicStore.swift */; };
		F320E71A29E873290057ED52 /* FModAPI in Frameworks */ = {isa = PBXBuildFile; productRef = F320E71929E873290057ED52 /* FModAPI */; };
		F33A70B62A75448B00F14566 /* KeyGenMusic in Resources */ = {isa = PBXBuildFile; fileRef = F33A70B52A75448B00F14566 /* KeyGenMusic */; };
		F375B2062A74EE5000486836 /* OrzMusicBundle.bundle in Embed PlugIns */ = {isa = PBXBuildFile; fileRef = F37586CB2A74C8AC00486836 /* OrzMusicBundle.bundle */; settings = {ATTRIBUTES = (CodeSignOnCopy, RemoveHeadersOnCopy, ); }; };
/* End PBXBuildFile section */

/* Begin PBXContainerItemProxy section */
		F375B2072A74EE5000486836 /* PBXContainerItemProxy */ = {
			isa = PBXContainerItemProxy;
			containerPortal = F312F2CB26A3363800F51DBE /* Project object */;
			proxyType = 1;
			remoteGlobalIDString = F37586CA2A74C8AC00486836;
			remoteInfo = OrzMusicBundle;
		};
/* End PBXContainerItemProxy section */

/* Begin PBXCopyFilesBuildPhase section */
		F375B2092A74EE5100486836 /* Embed PlugIns */ = {
			isa = PBXCopyFilesBuildPhase;
			buildActionMask = 2147483647;
			dstPath = "";
			dstSubfolderSpec = 13;
			files = (
				F375B2062A74EE5000486836 /* OrzMusicBundle.bundle in Embed PlugIns */,
			);
			name = "Embed PlugIns";
			runOnlyForDeploymentPostprocessing = 0;
		};
/* End PBXCopyFilesBuildPhase section */

/* Begin PBXFileReference section */
		2B84ED0B29FA2A2E00D291EB /* MusicInfoNode.swift */ = {isa = PBXFileReference; lastKnownFileType = sourcecode.swift; path = MusicInfoNode.swift; sourceTree = "<group>"; };
		2BE687C329E699470013237F /* Info.plist */ = {isa = PBXFileReference; lastKnownFileType = text.plist.xml; path = Info.plist; sourceTree = "<group>"; };
		2BFF26BB29FA66B000FC9A7D /* MusicStore+Bundle.swift */ = {isa = PBXFileReference; lastKnownFileType = sourcecode.swift; path = "MusicStore+Bundle.swift"; sourceTree = "<group>"; };
		2BFF26C329FA68CF00FC9A7D /* URL+FileSystem.swift */ = {isa = PBXFileReference; lastKnownFileType = sourcecode.swift; path = "URL+FileSystem.swift"; sourceTree = "<group>"; };
		2BFF26C529FA68D800FC9A7D /* String+FileSystem.swift */ = {isa = PBXFileReference; lastKnownFileType = sourcecode.swift; path = "String+FileSystem.swift"; sourceTree = "<group>"; };
		2BFF26C729FA68F200FC9A7D /* Bundle+AppInfo.swift */ = {isa = PBXFileReference; lastKnownFileType = sourcecode.swift; path = "Bundle+AppInfo.swift"; sourceTree = "<group>"; };
		2BFF26CB29FA6C2700FC9A7D /* MusicItemDetail.swift */ = {isa = PBXFileReference; lastKnownFileType = sourcecode.swift; path = MusicItemDetail.swift; sourceTree = "<group>"; };
		F312F2D326A3363800F51DBE /* OrzPlayer.app */ = {isa = PBXFileReference; explicitFileType = wrapper.application; includeInIndex = 0; path = OrzPlayer.app; sourceTree = BUILT_PRODUCTS_DIR; };
		F312F2D626A3363800F51DBE /* OrzPlayerApp.swift */ = {isa = PBXFileReference; lastKnownFileType = sourcecode.swift; path = OrzPlayerApp.swift; sourceTree = "<group>"; };
		F312F2DA26A3363900F51DBE /* Assets.xcassets */ = {isa = PBXFileReference; lastKnownFileType = folder.assetcatalog; path = Assets.xcassets; sourceTree = "<group>"; };
		F312F2DD26A3363900F51DBE /* Preview Assets.xcassets */ = {isa = PBXFileReference; lastKnownFileType = folder.assetcatalog; path = "Preview Assets.xcassets"; sourceTree = "<group>"; };
		F312F2E626A3383900F51DBE /* MusicList.swift */ = {isa = PBXFileReference; fileEncoding = 4; lastKnownFileType = sourcecode.swift; path = MusicList.swift; sourceTree = "<group>"; };
		F312F2E826A33A6900F51DBE /* MusicItem.swift */ = {isa = PBXFileReference; lastKnownFileType = sourcecode.swift; path = MusicItem.swift; sourceTree = "<group>"; };
		F312F2EA26A33B7400F51DBE /* MusicStore.swift */ = {isa = PBXFileReference; lastKnownFileType = sourcecode.swift; path = MusicStore.swift; sourceTree = "<group>"; };
		F33A70B52A75448B00F14566 /* KeyGenMusic */ = {isa = PBXFileReference; lastKnownFileType = folder; path = KeyGenMusic; sourceTree = "<group>"; };
		F33A70B82A754DF600F14566 /* gen_music_json.sh */ = {isa = PBXFileReference; lastKnownFileType = text.script.sh; path = gen_music_json.sh; sourceTree = "<group>"; };
		F36039A32A76598E00A989BC /* OrzMusicBundle-Info.plist */ = {isa = PBXFileReference; lastKnownFileType = text.plist.xml; path = "OrzMusicBundle-Info.plist"; sourceTree = "<group>"; };
		F37586CB2A74C8AC00486836 /* OrzMusicBundle.bundle */ = {isa = PBXFileReference; explicitFileType = wrapper.cfbundle; includeInIndex = 0; path = OrzMusicBundle.bundle; sourceTree = BUILT_PRODUCTS_DIR; };
/* End PBXFileReference section */

/* Begin PBXFrameworksBuildPhase section */
		F312F2D026A3363800F51DBE /* Frameworks */ = {
			isa = PBXFrameworksBuildPhase;
			buildActionMask = 2147483647;
			files = (
				F320E71A29E873290057ED52 /* FModAPI in Frameworks */,
			);
			runOnlyForDeploymentPostprocessing = 0;
		};
		F37586C82A74C8AC00486836 /* Frameworks */ = {
			isa = PBXFrameworksBuildPhase;
			buildActionMask = 2147483647;
			files = (
			);
			runOnlyForDeploymentPostprocessing = 0;
		};
/* End PBXFrameworksBuildPhase section */

/* Begin PBXGroup section */
		2BFF26BE29FA66D500FC9A7D /* Model */ = {
			isa = PBXGroup;
			children = (
				F312F2EA26A33B7400F51DBE /* MusicStore.swift */,
				2BFF26BB29FA66B000FC9A7D /* MusicStore+Bundle.swift */,
				2B84ED0B29FA2A2E00D291EB /* MusicInfoNode.swift */,
			);
			path = Model;
			sourceTree = "<group>";
		};
		2BFF26BF29FA66DF00FC9A7D /* View */ = {
			isa = PBXGroup;
			children = (
				F312F2E626A3383900F51DBE /* MusicList.swift */,
				F312F2E826A33A6900F51DBE /* MusicItem.swift */,
				2BFF26CB29FA6C2700FC9A7D /* MusicItemDetail.swift */,
			);
			path = View;
			sourceTree = "<group>";
		};
		2BFF26C029FA66FB00FC9A7D /* App */ = {
			isa = PBXGroup;
			children = (
				F312F2D626A3363800F51DBE /* OrzPlayerApp.swift */,
			);
			path = App;
			sourceTree = "<group>";
		};
		2BFF26C129FA673100FC9A7D /* Config */ = {
			isa = PBXGroup;
			children = (
				2BE687C329E699470013237F /* Info.plist */,
				F312F2DA26A3363900F51DBE /* Assets.xcassets */,
			);
			path = Config;
			sourceTree = "<group>";
		};
		2BFF26C229FA68B700FC9A7D /* Utils */ = {
			isa = PBXGroup;
			children = (
				2BFF26C329FA68CF00FC9A7D /* URL+FileSystem.swift */,
				2BFF26C529FA68D800FC9A7D /* String+FileSystem.swift */,
				2BFF26C729FA68F200FC9A7D /* Bundle+AppInfo.swift */,
			);
			path = Utils;
			sourceTree = "<group>";
		};
		F312F2CA26A3363800F51DBE = {
			isa = PBXGroup;
			children = (
				F312F2D526A3363800F51DBE /* OrzPlayer */,
				F36039A42A7659EE00A989BC /* OrzMusicBundle */,
				F375B2052A74EE5000486836 /* Frameworks */,
				F312F2D426A3363800F51DBE /* Products */,
			);
			sourceTree = "<group>";
		};
		F312F2D426A3363800F51DBE /* Products */ = {
			isa = PBXGroup;
			children = (
				F312F2D326A3363800F51DBE /* OrzPlayer.app */,
				F37586CB2A74C8AC00486836 /* OrzMusicBundle.bundle */,
			);
			name = Products;
			sourceTree = "<group>";
		};
		F312F2D526A3363800F51DBE /* OrzPlayer */ = {
			isa = PBXGroup;
			children = (
				2BFF26C029FA66FB00FC9A7D /* App */,
				2BFF26C129FA673100FC9A7D /* Config */,
				2BFF26BE29FA66D500FC9A7D /* Model */,
				2BFF26BF29FA66DF00FC9A7D /* View */,
				2BFF26C229FA68B700FC9A7D /* Utils */,
				F312F2DC26A3363900F51DBE /* Preview Content */,
			);
			path = OrzPlayer;
			sourceTree = "<group>";
		};
		F312F2DC26A3363900F51DBE /* Preview Content */ = {
			isa = PBXGroup;
			children = (
				F312F2DD26A3363900F51DBE /* Preview Assets.xcassets */,
			);
			path = "Preview Content";
			sourceTree = "<group>";
		};
		F36039A42A7659EE00A989BC /* OrzMusicBundle */ = {
			isa = PBXGroup;
			children = (
				F33A70B82A754DF600F14566 /* gen_music_json.sh */,
				F33A70B52A75448B00F14566 /* KeyGenMusic */,
				F36039A32A76598E00A989BC /* OrzMusicBundle-Info.plist */,
			);
			path = OrzMusicBundle;
			sourceTree = "<group>";
		};
		F375B2052A74EE5000486836 /* Frameworks */ = {
			isa = PBXGroup;
			children = (
			);
			name = Frameworks;
			sourceTree = "<group>";
		};
/* End PBXGroup section */

/* Begin PBXNativeTarget section */
		F312F2D226A3363800F51DBE /* OrzPlayer */ = {
			isa = PBXNativeTarget;
			buildConfigurationList = F312F2E126A3363900F51DBE /* Build configuration list for PBXNativeTarget "OrzPlayer" */;
			buildPhases = (
				F312F2CF26A3363800F51DBE /* Sources */,
				F312F2D026A3363800F51DBE /* Frameworks */,
				F312F2D126A3363800F51DBE /* Resources */,
				F375B2092A74EE5100486836 /* Embed PlugIns */,
			);
			buildRules = (
			);
			dependencies = (
				F375B2082A74EE5000486836 /* PBXTargetDependency */,
			);
			name = OrzPlayer;
			packageProductDependencies = (
				F320E71929E873290057ED52 /* FModAPI */,
			);
			productName = OrzPlayer;
			productReference = F312F2D326A3363800F51DBE /* OrzPlayer.app */;
			productType = "com.apple.product-type.application";
		};
		F37586CA2A74C8AC00486836 /* OrzMusicBundle */ = {
			isa = PBXNativeTarget;
			buildConfigurationList = F37586CC2A74C8AC00486836 /* Build configuration list for PBXNativeTarget "OrzMusicBundle" */;
			buildPhases = (
				F37586C72A74C8AC00486836 /* Sources */,
				F37586C82A74C8AC00486836 /* Frameworks */,
				F37586C92A74C8AC00486836 /* Resources */,
			);
			buildRules = (
			);
			dependencies = (
			);
			name = OrzMusicBundle;
			productName = OrzMusicBundle;
			productReference = F37586CB2A74C8AC00486836 /* OrzMusicBundle.bundle */;
			productType = "com.apple.product-type.bundle";
		};
/* End PBXNativeTarget section */

/* Begin PBXProject section */
		F312F2CB26A3363800F51DBE /* Project object */ = {
			isa = PBXProject;
			attributes = {
				BuildIndependentTargetsInParallel = 1;
				LastSwiftUpdateCheck = 1300;
				LastUpgradeCheck = 1500;
				TargetAttributes = {
					F312F2D226A3363800F51DBE = {
						CreatedOnToolsVersion = 13.0;
					};
					F37586CA2A74C8AC00486836 = {
						CreatedOnToolsVersion = 15.0;
					};
				};
			};
			buildConfigurationList = F312F2CE26A3363800F51DBE /* Build configuration list for PBXProject "OrzPlayer" */;
			compatibilityVersion = "Xcode 13.0";
			developmentRegion = en;
			hasScannedForEncodings = 0;
			knownRegions = (
				en,
				Base,
			);
			mainGroup = F312F2CA26A3363800F51DBE;
			packageReferences = (
				F320E71829E873290057ED52 /* XCRemoteSwiftPackageReference "OrzFMod" */,
			);
			productRefGroup = F312F2D426A3363800F51DBE /* Products */;
			projectDirPath = "";
			projectRoot = "";
			targets = (
				F312F2D226A3363800F51DBE /* OrzPlayer */,
				F37586CA2A74C8AC00486836 /* OrzMusicBundle */,
			);
		};
/* End PBXProject section */

/* Begin PBXResourcesBuildPhase section */
		F312F2D126A3363800F51DBE /* Resources */ = {
			isa = PBXResourcesBuildPhase;
			buildActionMask = 2147483647;
			files = (
				F312F2DE26A3363900F51DBE /* Preview Assets.xcassets in Resources */,
				F312F2DB26A3363900F51DBE /* Assets.xcassets in Resources */,
			);
			runOnlyForDeploymentPostprocessing = 0;
		};
		F37586C92A74C8AC00486836 /* Resources */ = {
			isa = PBXResourcesBuildPhase;
			buildActionMask = 2147483647;
			files = (
				F33A70B62A75448B00F14566 /* KeyGenMusic in Resources */,
			);
			runOnlyForDeploymentPostprocessing = 0;
		};
/* End PBXResourcesBuildPhase section */

/* Begin PBXSourcesBuildPhase section */
		F312F2CF26A3363800F51DBE /* Sources */ = {
			isa = PBXSourcesBuildPhase;
			buildActionMask = 2147483647;
			files = (
				2B84ED0C29FA2A2E00D291EB /* MusicInfoNode.swift in Sources */,
				2BFF26C629FA68D800FC9A7D /* String+FileSystem.swift in Sources */,
				F312F2E926A33A6900F51DBE /* MusicItem.swift in Sources */,
				2BFF26CC29FA6C2700FC9A7D /* MusicItemDetail.swift in Sources */,
				F312F2EB26A33B7400F51DBE /* MusicStore.swift in Sources */,
				2BFF26C829FA68F200FC9A7D /* Bundle+AppInfo.swift in Sources */,
				2BFF26C429FA68CF00FC9A7D /* URL+FileSystem.swift in Sources */,
				2BFF26BC29FA66B000FC9A7D /* MusicStore+Bundle.swift in Sources */,
				F312F2E726A3383900F51DBE /* MusicList.swift in Sources */,
				F312F2D726A3363800F51DBE /* OrzPlayerApp.swift in Sources */,
			);
			runOnlyForDeploymentPostprocessing = 0;
		};
		F37586C72A74C8AC00486836 /* Sources */ = {
			isa = PBXSourcesBuildPhase;
			buildActionMask = 2147483647;
			files = (
			);
			runOnlyForDeploymentPostprocessing = 0;
		};
/* End PBXSourcesBuildPhase section */

/* Begin PBXTargetDependency section */
		F375B2082A74EE5000486836 /* PBXTargetDependency */ = {
			isa = PBXTargetDependency;
			target = F37586CA2A74C8AC00486836 /* OrzMusicBundle */;
			targetProxy = F375B2072A74EE5000486836 /* PBXContainerItemProxy */;
		};
/* End PBXTargetDependency section */

/* Begin XCBuildConfiguration section */
		F312F2DF26A3363900F51DBE /* Debug */ = {
			isa = XCBuildConfiguration;
			buildSettings = {
				ALWAYS_SEARCH_USER_PATHS = NO;
				ASSETCATALOG_COMPILER_GENERATE_SWIFT_ASSET_SYMBOL_EXTENSIONS = YES;
				CLANG_ANALYZER_NONNULL = YES;
				CLANG_ANALYZER_NUMBER_OBJECT_CONVERSION = YES_AGGRESSIVE;
				CLANG_CXX_LANGUAGE_STANDARD = "gnu++17";
				CLANG_ENABLE_MODULES = YES;
				CLANG_ENABLE_OBJC_ARC = YES;
				CLANG_ENABLE_OBJC_WEAK = YES;
				CLANG_WARN_BLOCK_CAPTURE_AUTORELEASING = YES;
				CLANG_WARN_BOOL_CONVERSION = YES;
				CLANG_WARN_COMMA = YES;
				CLANG_WARN_CONSTANT_CONVERSION = YES;
				CLANG_WARN_DEPRECATED_OBJC_IMPLEMENTATIONS = YES;
				CLANG_WARN_DIRECT_OBJC_ISA_USAGE = YES_ERROR;
				CLANG_WARN_DOCUMENTATION_COMMENTS = YES;
				CLANG_WARN_EMPTY_BODY = YES;
				CLANG_WARN_ENUM_CONVERSION = YES;
				CLANG_WARN_INFINITE_RECURSION = YES;
				CLANG_WARN_INT_CONVERSION = YES;
				CLANG_WARN_NON_LITERAL_NULL_CONVERSION = YES;
				CLANG_WARN_OBJC_IMPLICIT_RETAIN_SELF = YES;
				CLANG_WARN_OBJC_LITERAL_CONVERSION = YES;
				CLANG_WARN_OBJC_ROOT_CLASS = YES_ERROR;
				CLANG_WARN_QUOTED_INCLUDE_IN_FRAMEWORK_HEADER = YES;
				CLANG_WARN_RANGE_LOOP_ANALYSIS = YES;
				CLANG_WARN_STRICT_PROTOTYPES = YES;
				CLANG_WARN_SUSPICIOUS_MOVE = YES;
				CLANG_WARN_UNGUARDED_AVAILABILITY = YES_AGGRESSIVE;
				CLANG_WARN_UNREACHABLE_CODE = YES;
				CLANG_WARN__DUPLICATE_METHOD_MATCH = YES;
				COPY_PHASE_STRIP = NO;
				DEBUG_INFORMATION_FORMAT = dwarf;
				ENABLE_STRICT_OBJC_MSGSEND = YES;
				ENABLE_TESTABILITY = YES;
				ENABLE_USER_SCRIPT_SANDBOXING = YES;
				GCC_C_LANGUAGE_STANDARD = gnu11;
				GCC_DYNAMIC_NO_PIC = NO;
				GCC_NO_COMMON_BLOCKS = YES;
				GCC_OPTIMIZATION_LEVEL = 0;
				GCC_PREPROCESSOR_DEFINITIONS = (
					"DEBUG=1",
					"$(inherited)",
				);
				GCC_WARN_64_TO_32_BIT_CONVERSION = YES;
				GCC_WARN_ABOUT_RETURN_TYPE = YES_ERROR;
				GCC_WARN_UNDECLARED_SELECTOR = YES;
				GCC_WARN_UNINITIALIZED_AUTOS = YES_AGGRESSIVE;
				GCC_WARN_UNUSED_FUNCTION = YES;
				GCC_WARN_UNUSED_VARIABLE = YES;
				IPHONEOS_DEPLOYMENT_TARGET = 14.0;
				ONLY_ACTIVE_ARCH = YES;
				SDKROOT = iphoneos;
				SWIFT_ACTIVE_COMPILATION_CONDITIONS = DEBUG;
				SWIFT_OPTIMIZATION_LEVEL = "-Onone";
				SWIFT_VERSION = 5;
			};
			name = Debug;
		};
		F312F2E026A3363900F51DBE /* Release */ = {
			isa = XCBuildConfiguration;
			buildSettings = {
				ALWAYS_SEARCH_USER_PATHS = NO;
				ASSETCATALOG_COMPILER_GENERATE_SWIFT_ASSET_SYMBOL_EXTENSIONS = YES;
				CLANG_ANALYZER_NONNULL = YES;
				CLANG_ANALYZER_NUMBER_OBJECT_CONVERSION = YES_AGGRESSIVE;
				CLANG_CXX_LANGUAGE_STANDARD = "gnu++17";
				CLANG_ENABLE_MODULES = YES;
				CLANG_ENABLE_OBJC_ARC = YES;
				CLANG_ENABLE_OBJC_WEAK = YES;
				CLANG_WARN_BLOCK_CAPTURE_AUTORELEASING = YES;
				CLANG_WARN_BOOL_CONVERSION = YES;
				CLANG_WARN_COMMA = YES;
				CLANG_WARN_CONSTANT_CONVERSION = YES;
				CLANG_WARN_DEPRECATED_OBJC_IMPLEMENTATIONS = YES;
				CLANG_WARN_DIRECT_OBJC_ISA_USAGE = YES_ERROR;
				CLANG_WARN_DOCUMENTATION_COMMENTS = YES;
				CLANG_WARN_EMPTY_BODY = YES;
				CLANG_WARN_ENUM_CONVERSION = YES;
				CLANG_WARN_INFINITE_RECURSION = YES;
				CLANG_WARN_INT_CONVERSION = YES;
				CLANG_WARN_NON_LITERAL_NULL_CONVERSION = YES;
				CLANG_WARN_OBJC_IMPLICIT_RETAIN_SELF = YES;
				CLANG_WARN_OBJC_LITERAL_CONVERSION = YES;
				CLANG_WARN_OBJC_ROOT_CLASS = YES_ERROR;
				CLANG_WARN_QUOTED_INCLUDE_IN_FRAMEWORK_HEADER = YES;
				CLANG_WARN_RANGE_LOOP_ANALYSIS = YES;
				CLANG_WARN_STRICT_PROTOTYPES = YES;
				CLANG_WARN_SUSPICIOUS_MOVE = YES;
				CLANG_WARN_UNGUARDED_AVAILABILITY = YES_AGGRESSIVE;
				CLANG_WARN_UNREACHABLE_CODE = YES;
				CLANG_WARN__DUPLICATE_METHOD_MATCH = YES;
				COPY_PHASE_STRIP = NO;
				DEBUG_INFORMATION_FORMAT = "dwarf-with-dsym";
				ENABLE_NS_ASSERTIONS = NO;
				ENABLE_STRICT_OBJC_MSGSEND = YES;
				ENABLE_USER_SCRIPT_SANDBOXING = YES;
				GCC_C_LANGUAGE_STANDARD = gnu11;
				GCC_NO_COMMON_BLOCKS = YES;
				GCC_WARN_64_TO_32_BIT_CONVERSION = YES;
				GCC_WARN_ABOUT_RETURN_TYPE = YES_ERROR;
				GCC_WARN_UNDECLARED_SELECTOR = YES;
				GCC_WARN_UNINITIALIZED_AUTOS = YES_AGGRESSIVE;
				GCC_WARN_UNUSED_FUNCTION = YES;
				GCC_WARN_UNUSED_VARIABLE = YES;
				IPHONEOS_DEPLOYMENT_TARGET = 14.0;
				SDKROOT = iphoneos;
				SWIFT_COMPILATION_MODE = wholemodule;
				SWIFT_OPTIMIZATION_LEVEL = "-O";
				SWIFT_VERSION = 5;
				VALIDATE_PRODUCT = YES;
			};
			name = Release;
		};
		F312F2E226A3363900F51DBE /* Debug */ = {
			isa = XCBuildConfiguration;
			buildSettings = {
				ASSETCATALOG_COMPILER_APPICON_NAME = AppIcon;
				ASSETCATALOG_COMPILER_GLOBAL_ACCENT_COLOR_NAME = AccentColor;
				CODE_SIGN_STYLE = Automatic;
				CURRENT_PROJECT_VERSION = 1;
				DEVELOPMENT_ASSET_PATHS = "\"OrzPlayer/Preview Content\"";
				DEVELOPMENT_TEAM = 2N62934Y28;
				ENABLE_PREVIEWS = YES;
				GENERATE_INFOPLIST_FILE = YES;
				INFOPLIST_FILE = OrzPlayer/Config/Info.plist;
				INFOPLIST_KEY_LSApplicationCategoryType = "public.app-category.music";
				INFOPLIST_KEY_UIApplicationSceneManifest_Generation = YES;
				INFOPLIST_KEY_UIApplicationSupportsIndirectInputEvents = YES;
				INFOPLIST_KEY_UIRequiresFullScreen = YES;
				INFOPLIST_KEY_UIStatusBarStyle = "";
				INFOPLIST_KEY_UISupportedInterfaceOrientations = "UIInterfaceOrientationLandscapeLeft UIInterfaceOrientationLandscapeRight UIInterfaceOrientationPortrait";
				IPHONEOS_DEPLOYMENT_TARGET = 16.0;
				LD_RUNPATH_SEARCH_PATHS = (
					"$(inherited)",
					"@executable_path/Frameworks",
				);
				MARKETING_VERSION = 1.0;
				PRODUCT_BUNDLE_IDENTIFIER = com.joker.OrzPlayer;
				PRODUCT_NAME = "$(TARGET_NAME)";
				SUPPORTED_PLATFORMS = "iphoneos iphonesimulator";
				SUPPORTS_MACCATALYST = NO;
				SUPPORTS_MAC_DESIGNED_FOR_IPHONE_IPAD = YES;
				SWIFT_EMIT_LOC_STRINGS = YES;
				TARGETED_DEVICE_FAMILY = "1,2";
			};
			name = Debug;
		};
		F312F2E326A3363900F51DBE /* Release */ = {
			isa = XCBuildConfiguration;
			buildSettings = {
				ASSETCATALOG_COMPILER_APPICON_NAME = AppIcon;
				ASSETCATALOG_COMPILER_GLOBAL_ACCENT_COLOR_NAME = AccentColor;
				CODE_SIGN_STYLE = Automatic;
				CURRENT_PROJECT_VERSION = 1;
				DEVELOPMENT_ASSET_PATHS = "\"OrzPlayer/Preview Content\"";
				DEVELOPMENT_TEAM = 2N62934Y28;
				ENABLE_PREVIEWS = YES;
				GENERATE_INFOPLIST_FILE = YES;
				INFOPLIST_FILE = OrzPlayer/Config/Info.plist;
				INFOPLIST_KEY_LSApplicationCategoryType = "public.app-category.music";
				INFOPLIST_KEY_UIApplicationSceneManifest_Generation = YES;
				INFOPLIST_KEY_UIApplicationSupportsIndirectInputEvents = YES;
				INFOPLIST_KEY_UIRequiresFullScreen = YES;
				INFOPLIST_KEY_UIStatusBarStyle = "";
				INFOPLIST_KEY_UISupportedInterfaceOrientations = "UIInterfaceOrientationLandscapeLeft UIInterfaceOrientationLandscapeRight UIInterfaceOrientationPortrait";
				IPHONEOS_DEPLOYMENT_TARGET = 16.0;
				LD_RUNPATH_SEARCH_PATHS = (
					"$(inherited)",
					"@executable_path/Frameworks",
				);
				MARKETING_VERSION = 1.0;
				PRODUCT_BUNDLE_IDENTIFIER = com.joker.OrzPlayer;
				PRODUCT_NAME = "$(TARGET_NAME)";
				SUPPORTED_PLATFORMS = "iphoneos iphonesimulator";
				SUPPORTS_MACCATALYST = NO;
				SUPPORTS_MAC_DESIGNED_FOR_IPHONE_IPAD = YES;
				SWIFT_EMIT_LOC_STRINGS = YES;
				TARGETED_DEVICE_FAMILY = "1,2";
			};
			name = Release;
		};
		F37586CD2A74C8AC00486836 /* Debug */ = {
			isa = XCBuildConfiguration;
			buildSettings = {
				CLANG_CXX_LANGUAGE_STANDARD = "gnu++20";
				CODE_SIGN_STYLE = Automatic;
				CURRENT_PROJECT_VERSION = 1;
				DEVELOPMENT_TEAM = 2N62934Y28;
				EXECUTABLE_NAME = "";
				GCC_C_LANGUAGE_STANDARD = gnu17;
				GENERATE_INFOPLIST_FILE = YES;
				INFOPLIST_FILE = "OrzMusicBundle/OrzMusicBundle-Info.plist";
				IPHONEOS_DEPLOYMENT_TARGET = 16.0;
				"IPHONEOS_DEPLOYMENT_TARGET[sdk=iphoneos*]" = 16.0;
				LOCALIZATION_PREFERS_STRING_CATALOGS = YES;
				MARKETING_VERSION = 1.0;
				PRODUCT_BUNDLE_IDENTIFIER = com.joker.OrzMusicBundle;
				PRODUCT_BUNDLE_PACKAGE_TYPE = BDNL;
				PRODUCT_NAME = "$(TARGET_NAME)";
				SUPPORTS_MACCATALYST = YES;
				SWIFT_EMIT_LOC_STRINGS = YES;
				TARGETED_DEVICE_FAMILY = "1,2";
				WRAPPER_EXTENSION = bundle;
			};
			name = Debug;
		};
		F37586CE2A74C8AC00486836 /* Release */ = {
			isa = XCBuildConfiguration;
			buildSettings = {
				CLANG_CXX_LANGUAGE_STANDARD = "gnu++20";
				CODE_SIGN_STYLE = Automatic;
				CURRENT_PROJECT_VERSION = 1;
				DEVELOPMENT_TEAM = 2N62934Y28;
				EXECUTABLE_NAME = "";
				GCC_C_LANGUAGE_STANDARD = gnu17;
				GENERATE_INFOPLIST_FILE = YES;
				INFOPLIST_FILE = "OrzMusicBundle/OrzMusicBundle-Info.plist";
				IPHONEOS_DEPLOYMENT_TARGET = 16.0;
				"IPHONEOS_DEPLOYMENT_TARGET[sdk=iphoneos*]" = 16.0;
				LOCALIZATION_PREFERS_STRING_CATALOGS = YES;
				MARKETING_VERSION = 1.0;
				PRODUCT_BUNDLE_IDENTIFIER = com.joker.OrzMusicBundle;
				PRODUCT_BUNDLE_PACKAGE_TYPE = BDNL;
				PRODUCT_NAME = "$(TARGET_NAME)";
				SUPPORTS_MACCATALYST = YES;
				SWIFT_EMIT_LOC_STRINGS = YES;
				TARGETED_DEVICE_FAMILY = "1,2";
				WRAPPER_EXTENSION = bundle;
			};
			name = Release;
		};
/* End XCBuildConfiguration section */

/* Begin XCConfigurationList section */
		F312F2CE26A3363800F51DBE /* Build configuration list for PBXProject "OrzPlayer" */ = {
			isa = XCConfigurationList;
			buildConfigurations = (
				F312F2DF26A3363900F51DBE /* Debug */,
				F312F2E026A3363900F51DBE /* Release */,
			);
			defaultConfigurationIsVisible = 0;
			defaultConfigurationName = Release;
		};
		F312F2E126A3363900F51DBE /* Build configuration list for PBXNativeTarget "OrzPlayer" */ = {
			isa = XCConfigurationList;
			buildConfigurations = (
				F312F2E226A3363900F51DBE /* Debug */,
				F312F2E326A3363900F51DBE /* Release */,
			);
			defaultConfigurationIsVisible = 0;
			defaultConfigurationName = Release;
		};
		F37586CC2A74C8AC00486836 /* Build configuration list for PBXNativeTarget "OrzMusicBundle" */ = {
			isa = XCConfigurationList;
			buildConfigurations = (
				F37586CD2A74C8AC00486836 /* Debug */,
				F37586CE2A74C8AC00486836 /* Release */,
			);
			defaultConfigurationIsVisible = 0;
			defaultConfigurationName = Release;
		};
/* End XCConfigurationList section */

/* Begin XCRemoteSwiftPackageReference section */
		F320E71829E873290057ED52 /* XCRemoteSwiftPackageReference "OrzFMod" */ = {
			isa = XCRemoteSwiftPackageReference;
			repositoryURL = "https://github.com/OrzGeeker/OrzFMod.git";
			requirement = {
				kind = upToNextMajorVersion;
				minimumVersion = 0.0.1;
			};
		};
/* End XCRemoteSwiftPackageReference section */

/* Begin XCSwiftPackageProductDependency section */
		F320E71929E873290057ED52 /* FModAPI */ = {
			isa = XCSwiftPackageProductDependency;
			package = F320E71829E873290057ED52 /* XCRemoteSwiftPackageReference "OrzFMod" */;
			productName = FModAPI;
		};
/* End XCSwiftPackageProductDependency section */
	};
	rootObject = F312F2CB26A3363800F51DBE /* Project object */;
}
